
Microsoft Visual Studio Solution File, Format Version 12.00
# Visual Studio 15
VisualStudioVersion = 15.0.27004.2009
MinimumVisualStudioVersion = 10.0.40219.1
Project("{FAE04EC0-301F-11D3-BF4B-00C04F79EFBC}") = "Grades", "Grades\Grades.csproj", "{BAE665D6-0A8A-4B4D-8754-4D5FFF491256}"
EndProject
Project("{FAE04EC0-301F-11D3-BF4B-00C04F79EFBC}") = "Grades.Tests", "Grades.Tests\Grades.Tests.csproj", "{2E855AE1-1AC5-49BE-8F9B-5A7F1410DE4E}"
EndProject
Global
	GlobalSection(SolutionConfigurationPlatforms) = preSolution
		Debug|Any CPU = Debug|Any CPU
		Release|Any CPU = Release|Any CPU
	EndGlobalSection
	GlobalSection(ProjectConfigurationPlatforms) = postSolution
		{BAE665D6-0A8A-4B4D-8754-4D5FFF491256}.Debug|Any CPU.ActiveCfg = Debug|Any CPU
		{BAE665D6-0A8A-4B4D-8754-4D5FFF491256}.Debug|Any CPU.Build.0 = Debug|Any CPU
		{BAE665D6-0A8A-4B4D-8754-4D5FFF491256}.Release|Any CPU.ActiveCfg = Release|Any CPU
		{BAE665D6-0A8A-4B4D-8754-4D5FFF491256}.Release|Any CPU.Build.0 = Release|Any CPU
		{2E855AE1-1AC5-49BE-8F9B-5A7F1410DE4E}.Debug|Any CPU.ActiveCfg = Debug|Any CPU
		{2E855AE1-1AC5-49BE-8F9B-5A7F1410DE4E}.Debug|Any CPU.Build.0 = Debug|Any CPU
		{2E855AE1-1AC5-49BE-8F9B-5A7F1410DE4E}.Release|Any CPU.ActiveCfg = Release|Any CPU
		{2E855AE1-1AC5-49BE-8F9B-5A7F1410DE4E}.Release|Any CPU.Build.0 = Release|Any CPU
	EndGlobalSection
	GlobalSection(SolutionProperties) = preSolution
		HideSolutionNode = FALSE
	EndGlobalSection
	GlobalSection(ExtensibilityGlobals) = postSolution
		SolutionGuid = {2F04CC11-11F3-4908-AE8E-67399CD5AAFF}
	EndGlobalSection
EndGlobal
